
Microsoft Visual Studio Solution File, Format Version 12.00
# Visual Studio 15
VisualStudioVersion = 15.0.28010.2046
MinimumVisualStudioVersion = 10.0.40219.1
Project("{9A19103F-16F7-4668-BE54-9A1E7A4F7556}") = "Mimick.Fody", "Mimick.Fody\Mimick.Fody.csproj", "{9ACC6BDF-0954-4460-8258-2B43610148AB}"
EndProject
Project("{9A19103F-16F7-4668-BE54-9A1E7A4F7556}") = "Mimick.Tests", "Mimick.Tests\Mimick.Tests.csproj", "{F582BA45-8789-4715-BF3A-F206E2377BB0}"
	ProjectSection(ProjectDependencies) = postProject
		{8743DA02-2D95-4EC5-AABF-42391939B22F} = {8743DA02-2D95-4EC5-AABF-42391939B22F}
	EndProjectSection
EndProject
Project("{9A19103F-16F7-4668-BE54-9A1E7A4F7556}") = "AssemblyToProcess", "AssemblyToProcess\AssemblyToProcess.csproj", "{8743DA02-2D95-4EC5-AABF-42391939B22F}"
	ProjectSection(ProjectDependencies) = postProject
		{9ACC6BDF-0954-4460-8258-2B43610148AB} = {9ACC6BDF-0954-4460-8258-2B43610148AB}
	EndProjectSection
EndProject
Project("{9A19103F-16F7-4668-BE54-9A1E7A4F7556}") = "Mimick", "Mimick\Mimick.csproj", "{A72F6288-D4DA-43AB-A1FF-48B94C250D17}"
	ProjectSection(ProjectDependencies) = postProject
		{9ACC6BDF-0954-4460-8258-2B43610148AB} = {9ACC6BDF-0954-4460-8258-2B43610148AB}
	EndProjectSection
EndProject
Project("{2150E333-8FDC-42A3-9474-1A3956D46DE8}") = "Solution Items", "Solution Items", "{9B6234CC-32B0-4721-8C44-A905639B3B1D}"
	ProjectSection(SolutionItems) = preProject
		Directory.Build.props = Directory.Build.props
	EndProjectSection
EndProject
Project("{9A19103F-16F7-4668-BE54-9A1E7A4F7556}") = "Mimick.Config.Yaml", "Addins\Mimick.Config.Yaml\Mimick.Config.Yaml.csproj", "{866E64C4-D25A-4824-AC28-A7639568A5F4}"
EndProject
Project("{2150E333-8FDC-42A3-9474-1A3956D46DE8}") = "Addins", "Addins", "{1F6A9825-B891-4EDC-B40E-7059CF66EC0E}"
EndProject
Project("{2150E333-8FDC-42A3-9474-1A3956D46DE8}") = "Tests", "Tests", "{3A1C3DE3-77E8-4A57-8F30-01CDB3F5C1A1}"
EndProject
Project("{9A19103F-16F7-4668-BE54-9A1E7A4F7556}") = "Mimick.Config.Json", "Addins\Mimick.Config.Json\Mimick.Config.Json.csproj", "{AE9ED45C-AA7B-46F2-B34B-D4376C0D026A}"
EndProject
Project("{9A19103F-16F7-4668-BE54-9A1E7A4F7556}") = "Mimick.Config.AppConfig", "Addins\Mimick.Config.AppConfig\Mimick.Config.AppConfig.csproj", "{9D78887A-5F85-44F2-ABDA-EC6B56609206}"
EndProject
Global
	GlobalSection(SolutionConfigurationPlatforms) = preSolution
		Debug|Any CPU = Debug|Any CPU
		Release|Any CPU = Release|Any CPU
	EndGlobalSection
	GlobalSection(ProjectConfigurationPlatforms) = postSolution
		{9ACC6BDF-0954-4460-8258-2B43610148AB}.Debug|Any CPU.ActiveCfg = Debug|Any CPU
		{9ACC6BDF-0954-4460-8258-2B43610148AB}.Debug|Any CPU.Build.0 = Debug|Any CPU
		{9ACC6BDF-0954-4460-8258-2B43610148AB}.Release|Any CPU.ActiveCfg = Release|Any CPU
		{9ACC6BDF-0954-4460-8258-2B43610148AB}.Release|Any CPU.Build.0 = Release|Any CPU
		{F582BA45-8789-4715-BF3A-F206E2377BB0}.Debug|Any CPU.ActiveCfg = Debug|Any CPU
		{F582BA45-8789-4715-BF3A-F206E2377BB0}.Debug|Any CPU.Build.0 = Debug|Any CPU
		{F582BA45-8789-4715-BF3A-F206E2377BB0}.Release|Any CPU.ActiveCfg = Release|Any CPU
		{F582BA45-8789-4715-BF3A-F206E2377BB0}.Release|Any CPU.Build.0 = Release|Any CPU
		{8743DA02-2D95-4EC5-AABF-42391939B22F}.Debug|Any CPU.ActiveCfg = Debug|Any CPU
		{8743DA02-2D95-4EC5-AABF-42391939B22F}.Debug|Any CPU.Build.0 = Debug|Any CPU
		{8743DA02-2D95-4EC5-AABF-42391939B22F}.Release|Any CPU.ActiveCfg = Release|Any CPU
		{8743DA02-2D95-4EC5-AABF-42391939B22F}.Release|Any CPU.Build.0 = Release|Any CPU
		{A72F6288-D4DA-43AB-A1FF-48B94C250D17}.Debug|Any CPU.ActiveCfg = Debug|Any CPU
		{A72F6288-D4DA-43AB-A1FF-48B94C250D17}.Debug|Any CPU.Build.0 = Debug|Any CPU
		{A72F6288-D4DA-43AB-A1FF-48B94C250D17}.Release|Any CPU.ActiveCfg = Release|Any CPU
		{A72F6288-D4DA-43AB-A1FF-48B94C250D17}.Release|Any CPU.Build.0 = Release|Any CPU
		{866E64C4-D25A-4824-AC28-A7639568A5F4}.Debug|Any CPU.ActiveCfg = Debug|Any CPU
		{866E64C4-D25A-4824-AC28-A7639568A5F4}.Debug|Any CPU.Build.0 = Debug|Any CPU
		{866E64C4-D25A-4824-AC28-A7639568A5F4}.Release|Any CPU.ActiveCfg = Release|Any CPU
		{866E64C4-D25A-4824-AC28-A7639568A5F4}.Release|Any CPU.Build.0 = Release|Any CPU
		{AE9ED45C-AA7B-46F2-B34B-D4376C0D026A}.Debug|Any CPU.ActiveCfg = Debug|Any CPU
		{AE9ED45C-AA7B-46F2-B34B-D4376C0D026A}.Debug|Any CPU.Build.0 = Debug|Any CPU
		{AE9ED45C-AA7B-46F2-B34B-D4376C0D026A}.Release|Any CPU.ActiveCfg = Release|Any CPU
		{AE9ED45C-AA7B-46F2-B34B-D4376C0D026A}.Release|Any CPU.Build.0 = Release|Any CPU
		{9D78887A-5F85-44F2-ABDA-EC6B56609206}.Debug|Any CPU.ActiveCfg = Debug|Any CPU
		{9D78887A-5F85-44F2-ABDA-EC6B56609206}.Debug|Any CPU.Build.0 = Debug|Any CPU
		{9D78887A-5F85-44F2-ABDA-EC6B56609206}.Release|Any CPU.ActiveCfg = Release|Any CPU
		{9D78887A-5F85-44F2-ABDA-EC6B56609206}.Release|Any CPU.Build.0 = Release|Any CPU
	EndGlobalSection
	GlobalSection(SolutionProperties) = preSolution
		HideSolutionNode = FALSE
	EndGlobalSection
	GlobalSection(NestedProjects) = preSolution
		{F582BA45-8789-4715-BF3A-F206E2377BB0} = {3A1C3DE3-77E8-4A57-8F30-01CDB3F5C1A1}
		{8743DA02-2D95-4EC5-AABF-42391939B22F} = {3A1C3DE3-77E8-4A57-8F30-01CDB3F5C1A1}
		{866E64C4-D25A-4824-AC28-A7639568A5F4} = {1F6A9825-B891-4EDC-B40E-7059CF66EC0E}
		{AE9ED45C-AA7B-46F2-B34B-D4376C0D026A} = {1F6A9825-B891-4EDC-B40E-7059CF66EC0E}
		{9D78887A-5F85-44F2-ABDA-EC6B56609206} = {1F6A9825-B891-4EDC-B40E-7059CF66EC0E}
	EndGlobalSection
	GlobalSection(ExtensibilityGlobals) = postSolution
		SolutionGuid = {29EB81CF-5A98-4C04-879F-B8356797A3EF}
	EndGlobalSection
EndGlobal
